
Microsoft Visual Studio Solution File, Format Version 12.00
# Visual Studio Version 17
VisualStudioVersion = 17.0.31903.59
MinimumVisualStudioVersion = 10.0.40219.1
Project("{FAE04EC0-301F-11D3-BF4B-00C04F79EFBC}") = "ocmodulemvc", "ocmodulemvc\ocmodulemvc.csproj", "{0E390C3D-E1B6-4550-90A2-A7153282521B}"
EndProject
Project("{FAE04EC0-301F-11D3-BF4B-00C04F79EFBC}") = "orchardcore", "ocmvc\orchardcore.csproj", "{6C8EF270-B481-481B-9D2C-AD5BDDDC1A83}"
EndProject
Project("{FAE04EC0-301F-11D3-BF4B-00C04F79EFBC}") = "Orchard.Sandbox", "sandbox\Orchard.Sandbox.csproj", "{096B0371-FF85-4AF9-AF71-F7692B26EBA6}"
EndProject
Project("{FAE04EC0-301F-11D3-BF4B-00C04F79EFBC}") = "CMS.Web", "CMS.Web\CMS.Web.csproj", "{FB14DC86-05DF-4D3A-A86C-8DBFBE3A8869}"
EndProject
Project("{2150E333-8FDC-42A3-9474-1A3956D46DE8}") = "scripts", "scripts", "{0289A81A-1BB8-428E-8B91-D758AF5EB148}"
	ProjectSection(SolutionItems) = preProject
		scripts\bootstrap_cms.sh = scripts\bootstrap_cms.sh
		scripts\packages.sh = scripts\packages.sh
	EndProjectSection
EndProject
Project("{2150E333-8FDC-42A3-9474-1A3956D46DE8}") = "orchard-example", "orchard-example", "{3D420E8D-FFDB-4007-8C42-F5993D024FE1}"
EndProject
Project("{2150E333-8FDC-42A3-9474-1A3956D46DE8}") = "src", "src", "{4F623AA7-5C69-4BB5-AC6E-EFBD82D6AC1A}"
EndProject
Project("{FAE04EC0-301F-11D3-BF4B-00C04F79EFBC}") = "OrchardExample.Cms", "orchard-example\src\OrchardExample.Cms\OrchardExample.Cms.csproj", "{E8141C3E-16FE-4BB3-B9E9-9544395F2DA0}"
EndProject
Project("{2150E333-8FDC-42A3-9474-1A3956D46DE8}") = "Modules", "Modules", "{74E4CAB4-CED1-4422-A45A-7CD8EB67EDEB}"
EndProject
Project("{FAE04EC0-301F-11D3-BF4B-00C04F79EFBC}") = "OrchardExample.Map", "orchard-example\src\Modules\OrchardExample.Map\OrchardExample.Map.csproj", "{109F479B-DC74-4089-BC18-4C3E21F75A9C}"
EndProject
Project("{2150E333-8FDC-42A3-9474-1A3956D46DE8}") = "Modules", "Modules", "{E8E400E4-9C63-47D4-96CB-6A4C2C590EAD}"
EndProject
Project("{FAE04EC0-301F-11D3-BF4B-00C04F79EFBC}") = "OrchardExample.Map", "Modules\OrchardExample.Map\OrchardExample.Map.csproj", "{3BCCE59C-1DFF-4EC7-8382-53E067744C7A}"
EndProject
Global
	GlobalSection(SolutionConfigurationPlatforms) = preSolution
		Debug|Any CPU = Debug|Any CPU
		Release|Any CPU = Release|Any CPU
	EndGlobalSection
	GlobalSection(SolutionProperties) = preSolution
		HideSolutionNode = FALSE
	EndGlobalSection
	GlobalSection(ProjectConfigurationPlatforms) = postSolution
		{5DE1CC64-44C9-4333-9DCC-30F72A8CF7EB}.Debug|Any CPU.ActiveCfg = Debug|Any CPU
		{5DE1CC64-44C9-4333-9DCC-30F72A8CF7EB}.Debug|Any CPU.Build.0 = Debug|Any CPU
		{5DE1CC64-44C9-4333-9DCC-30F72A8CF7EB}.Release|Any CPU.ActiveCfg = Release|Any CPU
		{5DE1CC64-44C9-4333-9DCC-30F72A8CF7EB}.Release|Any CPU.Build.0 = Release|Any CPU
		{9FD12C1A-3ECB-4B81-A53F-5C8282BB12D8}.Debug|Any CPU.ActiveCfg = Debug|Any CPU
		{9FD12C1A-3ECB-4B81-A53F-5C8282BB12D8}.Debug|Any CPU.Build.0 = Debug|Any CPU
		{9FD12C1A-3ECB-4B81-A53F-5C8282BB12D8}.Release|Any CPU.ActiveCfg = Release|Any CPU
		{9FD12C1A-3ECB-4B81-A53F-5C8282BB12D8}.Release|Any CPU.Build.0 = Release|Any CPU
		{97DC076C-73F0-41FF-8242-F0A0F7C459E9}.Debug|Any CPU.ActiveCfg = Debug|Any CPU
		{97DC076C-73F0-41FF-8242-F0A0F7C459E9}.Debug|Any CPU.Build.0 = Debug|Any CPU
		{97DC076C-73F0-41FF-8242-F0A0F7C459E9}.Release|Any CPU.ActiveCfg = Release|Any CPU
		{97DC076C-73F0-41FF-8242-F0A0F7C459E9}.Release|Any CPU.Build.0 = Release|Any CPU
		{311FD5FE-30E3-4FDF-855B-226C5373BD6E}.Debug|Any CPU.ActiveCfg = Debug|Any CPU
		{311FD5FE-30E3-4FDF-855B-226C5373BD6E}.Debug|Any CPU.Build.0 = Debug|Any CPU
		{311FD5FE-30E3-4FDF-855B-226C5373BD6E}.Release|Any CPU.ActiveCfg = Release|Any CPU
		{311FD5FE-30E3-4FDF-855B-226C5373BD6E}.Release|Any CPU.Build.0 = Release|Any CPU
		{CC008725-5071-4507-8BC7-DDB182A776F1}.Debug|Any CPU.ActiveCfg = Debug|Any CPU
		{CC008725-5071-4507-8BC7-DDB182A776F1}.Debug|Any CPU.Build.0 = Debug|Any CPU
		{CC008725-5071-4507-8BC7-DDB182A776F1}.Release|Any CPU.ActiveCfg = Release|Any CPU
		{CC008725-5071-4507-8BC7-DDB182A776F1}.Release|Any CPU.Build.0 = Release|Any CPU
		{0E390C3D-E1B6-4550-90A2-A7153282521B}.Debug|Any CPU.ActiveCfg = Debug|Any CPU
		{0E390C3D-E1B6-4550-90A2-A7153282521B}.Debug|Any CPU.Build.0 = Debug|Any CPU
		{0E390C3D-E1B6-4550-90A2-A7153282521B}.Release|Any CPU.ActiveCfg = Release|Any CPU
		{0E390C3D-E1B6-4550-90A2-A7153282521B}.Release|Any CPU.Build.0 = Release|Any CPU
		{6C8EF270-B481-481B-9D2C-AD5BDDDC1A83}.Debug|Any CPU.ActiveCfg = Debug|Any CPU
		{6C8EF270-B481-481B-9D2C-AD5BDDDC1A83}.Debug|Any CPU.Build.0 = Debug|Any CPU
		{6C8EF270-B481-481B-9D2C-AD5BDDDC1A83}.Release|Any CPU.ActiveCfg = Release|Any CPU
		{6C8EF270-B481-481B-9D2C-AD5BDDDC1A83}.Release|Any CPU.Build.0 = Release|Any CPU
		{096B0371-FF85-4AF9-AF71-F7692B26EBA6}.Debug|Any CPU.ActiveCfg = Debug|Any CPU
		{096B0371-FF85-4AF9-AF71-F7692B26EBA6}.Debug|Any CPU.Build.0 = Debug|Any CPU
		{096B0371-FF85-4AF9-AF71-F7692B26EBA6}.Release|Any CPU.ActiveCfg = Release|Any CPU
		{096B0371-FF85-4AF9-AF71-F7692B26EBA6}.Release|Any CPU.Build.0 = Release|Any CPU
		{FB14DC86-05DF-4D3A-A86C-8DBFBE3A8869}.Debug|Any CPU.ActiveCfg = Debug|Any CPU
		{FB14DC86-05DF-4D3A-A86C-8DBFBE3A8869}.Debug|Any CPU.Build.0 = Debug|Any CPU
		{FB14DC86-05DF-4D3A-A86C-8DBFBE3A8869}.Release|Any CPU.ActiveCfg = Release|Any CPU
		{FB14DC86-05DF-4D3A-A86C-8DBFBE3A8869}.Release|Any CPU.Build.0 = Release|Any CPU
		{E8141C3E-16FE-4BB3-B9E9-9544395F2DA0}.Debug|Any CPU.ActiveCfg = Debug|Any CPU
		{E8141C3E-16FE-4BB3-B9E9-9544395F2DA0}.Debug|Any CPU.Build.0 = Debug|Any CPU
		{E8141C3E-16FE-4BB3-B9E9-9544395F2DA0}.Release|Any CPU.ActiveCfg = Release|Any CPU
		{E8141C3E-16FE-4BB3-B9E9-9544395F2DA0}.Release|Any CPU.Build.0 = Release|Any CPU
		{109F479B-DC74-4089-BC18-4C3E21F75A9C}.Debug|Any CPU.ActiveCfg = Debug|Any CPU
		{109F479B-DC74-4089-BC18-4C3E21F75A9C}.Debug|Any CPU.Build.0 = Debug|Any CPU
		{109F479B-DC74-4089-BC18-4C3E21F75A9C}.Release|Any CPU.ActiveCfg = Release|Any CPU
		{109F479B-DC74-4089-BC18-4C3E21F75A9C}.Release|Any CPU.Build.0 = Release|Any CPU
		{3BCCE59C-1DFF-4EC7-8382-53E067744C7A}.Debug|Any CPU.ActiveCfg = Debug|Any CPU
		{3BCCE59C-1DFF-4EC7-8382-53E067744C7A}.Debug|Any CPU.Build.0 = Debug|Any CPU
		{3BCCE59C-1DFF-4EC7-8382-53E067744C7A}.Release|Any CPU.ActiveCfg = Release|Any CPU
		{3BCCE59C-1DFF-4EC7-8382-53E067744C7A}.Release|Any CPU.Build.0 = Release|Any CPU
	EndGlobalSection
	GlobalSection(NestedProjects) = preSolution
		{EDFC2358-12E4-41D8-8CE2-35D1DD09A567} = {4365288C-FCC8-4B20-9E21-81B060E27AB9}
		{4F623AA7-5C69-4BB5-AC6E-EFBD82D6AC1A} = {3D420E8D-FFDB-4007-8C42-F5993D024FE1}
		{E8141C3E-16FE-4BB3-B9E9-9544395F2DA0} = {4F623AA7-5C69-4BB5-AC6E-EFBD82D6AC1A}
		{74E4CAB4-CED1-4422-A45A-7CD8EB67EDEB} = {4F623AA7-5C69-4BB5-AC6E-EFBD82D6AC1A}
		{109F479B-DC74-4089-BC18-4C3E21F75A9C} = {74E4CAB4-CED1-4422-A45A-7CD8EB67EDEB}
		{3BCCE59C-1DFF-4EC7-8382-53E067744C7A} = {E8E400E4-9C63-47D4-96CB-6A4C2C590EAD}
	EndGlobalSection
EndGlobal
